# This file is automatically @generated by Cargo.
# It is not intended for manual editing.
version = 4

[[package]]
name = "ack"
version = "0.1.0"

[[package]]
name = "arp"
version = "0.1.0"

[[package]]
name = "binary-protocol"
version = "0.1.0"

[[package]]
name = "binary-serialization"
version = "0.1.0"

[[package]]
name = "bits-bytes-hex"
version = "0.1.0"

[[package]]
name = "cidr"
version = "0.1.0"

[[package]]
name = "dns-cache"
version = "0.1.0"

[[package]]
name = "dns-client"
version = "0.1.0"

[[package]]
name = "dns-packets"
version = "0.1.0"

[[package]]
name = "endianness"
version = "0.1.0"

[[package]]
name = "ethernet"
version = "0.1.0"

[[package]]
name = "http-keepalive"
version = "0.1.0"

[[package]]
name = "http-parser"
version = "0.1.0"

[[package]]
name = "http-requests"
version = "0.1.0"

[[package]]
name = "http-server"
version = "0.1.0"

[[package]]
name = "https-client"
version = "0.1.0"

[[package]]
name = "icmp"
version = "0.1.0"

[[package]]
name = "ipv4-addressing"
version = "0.1.0"

[[package]]
name = "ipv4-packet-parser"
version = "0.1.0"

[[package]]
name = "linux-interfaces"
version = "0.1.0"

[[package]]
name = "linux-router"
version = "0.1.0"

[[package]]
name = "mini-internet"
version = "0.1.0"

[[package]]
name = "nat-simulator"
version = "0.1.0"

[[package]]
name = "network-namespaces"
version = "0.1.0"

[[package]]
name = "packet-analyzer"
version = "0.1.0"

[[package]]
name = "ping"
version = "0.1.0"

[[package]]
name = "retransmission"
version = "0.1.0"

[[package]]
name = "routing-simulator"
version = "0.1.0"

[[package]]
name = "routing-tables"
version = "0.1.0"

[[package]]
name = "sequence-numbers"
version = "0.1.0"

[[package]]
name = "sliding-window"
version = "0.1.0"

[[package]]
name = "subnet-calculator"
version = "0.1.0"

[[package]]
name = "tap"
version = "0.1.0"

[[package]]
name = "tcp-chat"
version = "0.1.0"

[[package]]
name = "tcp-echo"
version = "0.1.0"

[[package]]
name = "tcp-framing"
version = "0.1.0"

[[package]]
name = "tcp-handshake"
version = "0.1.0"

[[package]]
name = "tcp-wireshark"
version = "0.1.0"

[[package]]
name = "tls"
version = "0.1.0"

[[package]]
name = "tun"
version = "0.1.0"

[[package]]
name = "udp-echo"
version = "0.1.0"

[[package]]
name = "udp-file-transfer"
version = "0.1.0"

[[package]]
name = "veth"
version = "0.1.0"

[[package]]
name = "virtual-network"
version = "0.1.0"

[[package]]
name = "websocket"
version = "0.1.0"

[[package]]
name = "wireshark-udp"
version = "0.1.0"
